
Microsoft Visual Studio Solution File, Format Version 12.00
# Visual Studio 14
VisualStudioVersion = 14.0.25420.1
MinimumVisualStudioVersion = 10.0.40219.1
Project("{2150E333-8FDC-42A3-9474-1A3956D46DE8}") = "src", "src", "{32032CA1-8213-4D2D-9098-80E595D77E06}"
EndProject
Project("{2150E333-8FDC-42A3-9474-1A3956D46DE8}") = "Solution Items", "Solution Items", "{6D72DCA6-3EA1-4051-B69A-57D2841BB511}"
	ProjectSection(SolutionItems) = preProject
		.gitignore = .gitignore
		global.json = global.json
		README.md = README.md
	EndProjectSection
EndProject
Project("{8BB2217D-0F2D-49D1-97BC-3654ED321F3B}") = "WS.Utilities.Csv", "src\WS.Utilities.Csv\WS.Utilities.Csv.xproj", "{542332F9-7C84-4236-B990-FB9012C61E79}"
EndProject
Global
	GlobalSection(SolutionConfigurationPlatforms) = preSolution
		Debug|Any CPU = Debug|Any CPU
		Release|Any CPU = Release|Any CPU
	EndGlobalSection
	GlobalSection(ProjectConfigurationPlatforms) = postSolution
		{542332F9-7C84-4236-B990-FB9012C61E79}.Debug|Any CPU.ActiveCfg = Debug|Any CPU
		{542332F9-7C84-4236-B990-FB9012C61E79}.Debug|Any CPU.Build.0 = Debug|Any CPU
		{542332F9-7C84-4236-B990-FB9012C61E79}.Release|Any CPU.ActiveCfg = Release|Any CPU
		{542332F9-7C84-4236-B990-FB9012C61E79}.Release|Any CPU.Build.0 = Release|Any CPU
	EndGlobalSection
	GlobalSection(SolutionProperties) = preSolution
		HideSolutionNode = FALSE
	EndGlobalSection
	GlobalSection(NestedProjects) = preSolution
		{542332F9-7C84-4236-B990-FB9012C61E79} = {32032CA1-8213-4D2D-9098-80E595D77E06}
	EndGlobalSection
EndGlobal
